
Microsoft Visual Studio Solution File, Format Version 12.00
# Visual Studio Version 16
VisualStudioVersion = 16.0.29613.14
MinimumVisualStudioVersion = 10.0.40219.1
Project("{FAE04EC0-301F-11D3-BF4B-00C04F79EFBC}") = "AlugueSeuCarro", "AlugueSeuCarro\AlugueSeuCarro.csproj", "{1EA48DC2-1ED4-4ECC-A6D8-AB49C56DAE0A}"
EndProject
Global
	GlobalSection(SolutionConfigurationPlatforms) = preSolution
		Debug|Any CPU = Debug|Any CPU
		Release|Any CPU = Release|Any CPU
	EndGlobalSection
	GlobalSection(ProjectConfigurationPlatforms) = postSolution
		{1EA48DC2-1ED4-4ECC-A6D8-AB49C56DAE0A}.Debug|Any CPU.ActiveCfg = Debug|Any CPU
		{1EA48DC2-1ED4-4ECC-A6D8-AB49C56DAE0A}.Debug|Any CPU.Build.0 = Debug|Any CPU
		{1EA48DC2-1ED4-4ECC-A6D8-AB49C56DAE0A}.Release|Any CPU.ActiveCfg = Release|Any CPU
		{1EA48DC2-1ED4-4ECC-A6D8-AB49C56DAE0A}.Release|Any CPU.Build.0 = Release|Any CPU
	EndGlobalSection
	GlobalSection(SolutionProperties) = preSolution
		HideSolutionNode = FALSE
	EndGlobalSection
	GlobalSection(ExtensibilityGlobals) = postSolution
		SolutionGuid = {0A5750D4-1E09-4412-BCEC-666783BB8452}
	EndGlobalSection
EndGlobal
